
Microsoft Visual Studio Solution File, Format Version 12.00
# Visual Studio Version 16
VisualStudioVersion = 16.0.31205.134
MinimumVisualStudioVersion = 10.0.40219.1
Project("{9A19103F-16F7-4668-BE54-9A1E7A4F7556}") = "BLL", "BLL\BLL.csproj", "{3D23A0E7-BB0B-4FB7-808A-50868B54BB36}"
EndProject
Project("{9A19103F-16F7-4668-BE54-9A1E7A4F7556}") = "DAL", "DAL\DAL.csproj", "{007DB369-1789-4896-A98A-FAE9E523ED72}"
EndProject
Project("{9A19103F-16F7-4668-BE54-9A1E7A4F7556}") = "PruebasUnitarias", "PruebasUnitarias\PruebasUnitarias.csproj", "{BF698724-6FFD-48F9-8431-26C68775953D}"
EndProject
Project("{9A19103F-16F7-4668-BE54-9A1E7A4F7556}") = "Excepciones", "Excepciones\Excepciones.csproj", "{7408D0B7-52AE-4B6A-913B-05107F052B5D}"
EndProject
Project("{FAE04EC0-301F-11D3-BF4B-00C04F79EFBC}") = "pantallas", "pantallas\pantallas.csproj", "{231E0D79-16B1-472B-9F32-23C432A811B1}"
EndProject
Global
	GlobalSection(SolutionConfigurationPlatforms) = preSolution
		Debug|Any CPU = Debug|Any CPU
		Release|Any CPU = Release|Any CPU
	EndGlobalSection
	GlobalSection(ProjectConfigurationPlatforms) = postSolution
		{3D23A0E7-BB0B-4FB7-808A-50868B54BB36}.Debug|Any CPU.ActiveCfg = Debug|Any CPU
		{3D23A0E7-BB0B-4FB7-808A-50868B54BB36}.Debug|Any CPU.Build.0 = Debug|Any CPU
		{3D23A0E7-BB0B-4FB7-808A-50868B54BB36}.Release|Any CPU.ActiveCfg = Release|Any CPU
		{3D23A0E7-BB0B-4FB7-808A-50868B54BB36}.Release|Any CPU.Build.0 = Release|Any CPU
		{007DB369-1789-4896-A98A-FAE9E523ED72}.Debug|Any CPU.ActiveCfg = Debug|Any CPU
		{007DB369-1789-4896-A98A-FAE9E523ED72}.Debug|Any CPU.Build.0 = Debug|Any CPU
		{007DB369-1789-4896-A98A-FAE9E523ED72}.Release|Any CPU.ActiveCfg = Release|Any CPU
		{007DB369-1789-4896-A98A-FAE9E523ED72}.Release|Any CPU.Build.0 = Release|Any CPU
		{BF698724-6FFD-48F9-8431-26C68775953D}.Debug|Any CPU.ActiveCfg = Debug|Any CPU
		{BF698724-6FFD-48F9-8431-26C68775953D}.Debug|Any CPU.Build.0 = Debug|Any CPU
		{BF698724-6FFD-48F9-8431-26C68775953D}.Release|Any CPU.ActiveCfg = Release|Any CPU
		{BF698724-6FFD-48F9-8431-26C68775953D}.Release|Any CPU.Build.0 = Release|Any CPU
		{7408D0B7-52AE-4B6A-913B-05107F052B5D}.Debug|Any CPU.ActiveCfg = Debug|Any CPU
		{7408D0B7-52AE-4B6A-913B-05107F052B5D}.Debug|Any CPU.Build.0 = Debug|Any CPU
		{7408D0B7-52AE-4B6A-913B-05107F052B5D}.Release|Any CPU.ActiveCfg = Release|Any CPU
		{7408D0B7-52AE-4B6A-913B-05107F052B5D}.Release|Any CPU.Build.0 = Release|Any CPU
		{231E0D79-16B1-472B-9F32-23C432A811B1}.Debug|Any CPU.ActiveCfg = Debug|Any CPU
		{231E0D79-16B1-472B-9F32-23C432A811B1}.Debug|Any CPU.Build.0 = Debug|Any CPU
		{231E0D79-16B1-472B-9F32-23C432A811B1}.Release|Any CPU.ActiveCfg = Release|Any CPU
		{231E0D79-16B1-472B-9F32-23C432A811B1}.Release|Any CPU.Build.0 = Release|Any CPU
	EndGlobalSection
	GlobalSection(SolutionProperties) = preSolution
		HideSolutionNode = FALSE
	EndGlobalSection
	GlobalSection(ExtensibilityGlobals) = postSolution
		SolutionGuid = {A5E7FD9E-59C6-47FD-8350-0B1C60DAB374}
	EndGlobalSection
EndGlobal
