
Microsoft Visual Studio Solution File, Format Version 12.00
# Visual Studio Version 16
VisualStudioVersion = 16.0.31112.23
MinimumVisualStudioVersion = 10.0.40219.1
Project("{9A19103F-16F7-4668-BE54-9A1E7A4F7556}") = "Negocio", "Negocio\Negocio.csproj", "{7CDCCD8E-EC7E-4583-9A0C-913A40E2B514}"
EndProject
Project("{9A19103F-16F7-4668-BE54-9A1E7A4F7556}") = "Datos", "Datos\Datos.csproj", "{07422F25-C06D-4844-8EB9-47B2EAB90614}"
EndProject
Project("{9A19103F-16F7-4668-BE54-9A1E7A4F7556}") = "Conexion", "Conexion\Conexion.csproj", "{63657F28-10D9-480E-AEEC-70213CDDE5F9}"
EndProject
Project("{9A19103F-16F7-4668-BE54-9A1E7A4F7556}") = "Entidades", "CapaEntidad\Entidades.csproj", "{A9115CA7-FB99-46DC-8B76-B40B44591AF2}"
EndProject
Project("{9A19103F-16F7-4668-BE54-9A1E7A4F7556}") = "Modulo_4", "Modulo_4\Modulo_4.csproj", "{3FD2C33B-0828-424A-9595-A684D096EB67}"
EndProject
Project("{9A19103F-16F7-4668-BE54-9A1E7A4F7556}") = "PruebaUnitaria", "PruebaUnitaria\PruebaUnitaria.csproj", "{980AE260-7E92-4E98-A752-4AE93F5FD9B5}"
EndProject
Global
	GlobalSection(SolutionConfigurationPlatforms) = preSolution
		Debug|Any CPU = Debug|Any CPU
		Release|Any CPU = Release|Any CPU
	EndGlobalSection
	GlobalSection(ProjectConfigurationPlatforms) = postSolution
		{7CDCCD8E-EC7E-4583-9A0C-913A40E2B514}.Debug|Any CPU.ActiveCfg = Debug|Any CPU
		{7CDCCD8E-EC7E-4583-9A0C-913A40E2B514}.Debug|Any CPU.Build.0 = Debug|Any CPU
		{7CDCCD8E-EC7E-4583-9A0C-913A40E2B514}.Release|Any CPU.ActiveCfg = Release|Any CPU
		{7CDCCD8E-EC7E-4583-9A0C-913A40E2B514}.Release|Any CPU.Build.0 = Release|Any CPU
		{07422F25-C06D-4844-8EB9-47B2EAB90614}.Debug|Any CPU.ActiveCfg = Debug|Any CPU
		{07422F25-C06D-4844-8EB9-47B2EAB90614}.Debug|Any CPU.Build.0 = Debug|Any CPU
		{07422F25-C06D-4844-8EB9-47B2EAB90614}.Release|Any CPU.ActiveCfg = Release|Any CPU
		{07422F25-C06D-4844-8EB9-47B2EAB90614}.Release|Any CPU.Build.0 = Release|Any CPU
		{63657F28-10D9-480E-AEEC-70213CDDE5F9}.Debug|Any CPU.ActiveCfg = Debug|Any CPU
		{63657F28-10D9-480E-AEEC-70213CDDE5F9}.Debug|Any CPU.Build.0 = Debug|Any CPU
		{63657F28-10D9-480E-AEEC-70213CDDE5F9}.Release|Any CPU.ActiveCfg = Release|Any CPU
		{63657F28-10D9-480E-AEEC-70213CDDE5F9}.Release|Any CPU.Build.0 = Release|Any CPU
		{A9115CA7-FB99-46DC-8B76-B40B44591AF2}.Debug|Any CPU.ActiveCfg = Debug|Any CPU
		{A9115CA7-FB99-46DC-8B76-B40B44591AF2}.Debug|Any CPU.Build.0 = Debug|Any CPU
		{A9115CA7-FB99-46DC-8B76-B40B44591AF2}.Release|Any CPU.ActiveCfg = Release|Any CPU
		{A9115CA7-FB99-46DC-8B76-B40B44591AF2}.Release|Any CPU.Build.0 = Release|Any CPU
		{3FD2C33B-0828-424A-9595-A684D096EB67}.Debug|Any CPU.ActiveCfg = Debug|Any CPU
		{3FD2C33B-0828-424A-9595-A684D096EB67}.Debug|Any CPU.Build.0 = Debug|Any CPU
		{3FD2C33B-0828-424A-9595-A684D096EB67}.Release|Any CPU.ActiveCfg = Release|Any CPU
		{3FD2C33B-0828-424A-9595-A684D096EB67}.Release|Any CPU.Build.0 = Release|Any CPU
		{980AE260-7E92-4E98-A752-4AE93F5FD9B5}.Debug|Any CPU.ActiveCfg = Debug|Any CPU
		{980AE260-7E92-4E98-A752-4AE93F5FD9B5}.Debug|Any CPU.Build.0 = Debug|Any CPU
		{980AE260-7E92-4E98-A752-4AE93F5FD9B5}.Release|Any CPU.ActiveCfg = Release|Any CPU
		{980AE260-7E92-4E98-A752-4AE93F5FD9B5}.Release|Any CPU.Build.0 = Release|Any CPU
	EndGlobalSection
	GlobalSection(SolutionProperties) = preSolution
		HideSolutionNode = FALSE
	EndGlobalSection
	GlobalSection(ExtensibilityGlobals) = postSolution
		SolutionGuid = {974BE40D-F9C5-4AC6-83C2-3291A56DBC26}
	EndGlobalSection
EndGlobal
